// !$*UTF8*$!
{
	archiveVersion = 1;
	classes = {
	};
	objectVersion = 56;
	objects = {

/* Begin PBXBuildFile section */
		21F37D4E546090B08FE7574A /* Pods_Teltech_Employees.framework in Frameworks */ = {isa = PBXBuildFile; fileRef = E7421464B519F4E8B7C32259 /* Pods_Teltech_Employees.framework */; };
		5FC8A11D29B0B3720051EEF9 /* AppDelegate.swift in Sources */ = {isa = PBXBuildFile; fileRef = 5FC8A11C29B0B3720051EEF9 /* AppDelegate.swift */; };
		5FC8A11F29B0B3720051EEF9 /* SceneDelegate.swift in Sources */ = {isa = PBXBuildFile; fileRef = 5FC8A11E29B0B3720051EEF9 /* SceneDelegate.swift */; };
		5FC8A13429B0B3740051EEF9 /* Teltech_EmployeesTests.swift in Sources */ = {isa = PBXBuildFile; fileRef = 5FC8A13329B0B3740051EEF9 /* Teltech_EmployeesTests.swift */; };
		5FC8A13E29B0B3740051EEF9 /* Teltech_EmployeesUITests.swift in Sources */ = {isa = PBXBuildFile; fileRef = 5FC8A13D29B0B3740051EEF9 /* Teltech_EmployeesUITests.swift */; };
		5FC8A14029B0B3740051EEF9 /* Teltech_EmployeesUITestsLaunchTests.swift in Sources */ = {isa = PBXBuildFile; fileRef = 5FC8A13F29B0B3740051EEF9 /* Teltech_EmployeesUITestsLaunchTests.swift */; };
		5FC8A17D29B0B5AB0051EEF9 /* Assets.xcassets in Resources */ = {isa = PBXBuildFile; fileRef = 5FC8A16229B0B5AA0051EEF9 /* Assets.xcassets */; };
		5FC8A17E29B0B5AB0051EEF9 /* Localizable.strings in Resources */ = {isa = PBXBuildFile; fileRef = 5FC8A16329B0B5AA0051EEF9 /* Localizable.strings */; };
		5FC8A17F29B0B5AB0051EEF9 /* AppCoordinator.swift in Sources */ = {isa = PBXBuildFile; fileRef = 5FC8A16629B0B5AA0051EEF9 /* AppCoordinator.swift */; };
		5FC8A18029B0B5AB0051EEF9 /* Coordinator.swift in Sources */ = {isa = PBXBuildFile; fileRef = 5FC8A16729B0B5AA0051EEF9 /* Coordinator.swift */; };
		5FC8A18129B0B5AB0051EEF9 /* ParentCoordinatorDelegate.swift in Sources */ = {isa = PBXBuildFile; fileRef = 5FC8A16B29B0B5AA0051EEF9 /* ParentCoordinatorDelegate.swift */; };
		5FC8A18229B0B5AB0051EEF9 /* CoordinatorDelegate.swift in Sources */ = {isa = PBXBuildFile; fileRef = 5FC8A16C29B0B5AA0051EEF9 /* CoordinatorDelegate.swift */; };
		5FC8A18329B0B5AB0051EEF9 /* EmployeeListViewModel.swift in Sources */ = {isa = PBXBuildFile; fileRef = 5FC8A16F29B0B5AA0051EEF9 /* EmployeeListViewModel.swift */; };
		5FC8A18429B0B5AB0051EEF9 /* EmployeeListViewController.swift in Sources */ = {isa = PBXBuildFile; fileRef = 5FC8A17129B0B5AA0051EEF9 /* EmployeeListViewController.swift */; };
		5FC8A18529B0B5AB0051EEF9 /* EmployeeListCoordinator.swift in Sources */ = {isa = PBXBuildFile; fileRef = 5FC8A17329B0B5AA0051EEF9 /* EmployeeListCoordinator.swift */; };
		5FC8A18629B0B5AB0051EEF9 /* Preview Assets.xcassets in Resources */ = {isa = PBXBuildFile; fileRef = 5FC8A17629B0B5AA0051EEF9 /* Preview Assets.xcassets */; };
		5FC8A18729B0B5AB0051EEF9 /* UIView+Extension.swift in Sources */ = {isa = PBXBuildFile; fileRef = 5FC8A17929B0B5AA0051EEF9 /* UIView+Extension.swift */; };
		5FC8A18829B0B5AB0051EEF9 /* Observable+Extension.swift in Sources */ = {isa = PBXBuildFile; fileRef = 5FC8A17A29B0B5AA0051EEF9 /* Observable+Extension.swift */; };
		5FC8A18929B0B5AB0051EEF9 /* UIViewController+Extension.swift in Sources */ = {isa = PBXBuildFile; fileRef = 5FC8A17B29B0B5AA0051EEF9 /* UIViewController+Extension.swift */; };
		5FC8A18A29B0B5AB0051EEF9 /* UITableView+Extension.swift in Sources */ = {isa = PBXBuildFile; fileRef = 5FC8A17C29B0B5AA0051EEF9 /* UITableView+Extension.swift */; };
		7D72E317D0C38BB3A783C503 /* Pods_Teltech_Employees_Teltech_EmployeesUITests.framework in Frameworks */ = {isa = PBXBuildFile; fileRef = ABD1E0C8D36D5CEF081E4217 /* Pods_Teltech_Employees_Teltech_EmployeesUITests.framework */; };
		BBFA54FB770684262E330F77 /* Pods_Teltech_EmployeesTests.framework in Frameworks */ = {isa = PBXBuildFile; fileRef = 9BEE2AC017D3B9678ECB6C21 /* Pods_Teltech_EmployeesTests.framework */; };
/* End PBXBuildFile section */

/* Begin PBXContainerItemProxy section */
		5FC8A13029B0B3740051EEF9 /* PBXContainerItemProxy */ = {
			isa = PBXContainerItemProxy;
			containerPortal = 5FC8A11129B0B3720051EEF9 /* Project object */;
			proxyType = 1;
			remoteGlobalIDString = 5FC8A11829B0B3720051EEF9;
			remoteInfo = "Teltech Employees";
		};
		5FC8A13A29B0B3740051EEF9 /* PBXContainerItemProxy */ = {
			isa = PBXContainerItemProxy;
			containerPortal = 5FC8A11129B0B3720051EEF9 /* Project object */;
			proxyType = 1;
			remoteGlobalIDString = 5FC8A11829B0B3720051EEF9;
			remoteInfo = "Teltech Employees";
		};
/* End PBXContainerItemProxy section */

/* Begin PBXFileReference section */
		2286C79489578C20D088FD96 /* Pods-Teltech EmployeesTests.release.xcconfig */ = {isa = PBXFileReference; includeInIndex = 1; lastKnownFileType = text.xcconfig; name = "Pods-Teltech EmployeesTests.release.xcconfig"; path = "Target Support Files/Pods-Teltech EmployeesTests/Pods-Teltech EmployeesTests.release.xcconfig"; sourceTree = "<group>"; };
		48B08469B64B6B9F26D212AB /* Pods-Teltech Employees-Teltech EmployeesUITests.debug.xcconfig */ = {isa = PBXFileReference; includeInIndex = 1; lastKnownFileType = text.xcconfig; name = "Pods-Teltech Employees-Teltech EmployeesUITests.debug.xcconfig"; path = "Target Support Files/Pods-Teltech Employees-Teltech EmployeesUITests/Pods-Teltech Employees-Teltech EmployeesUITests.debug.xcconfig"; sourceTree = "<group>"; };
		5FC8A11929B0B3720051EEF9 /* Teltech Employees.app */ = {isa = PBXFileReference; explicitFileType = wrapper.application; includeInIndex = 0; path = "Teltech Employees.app"; sourceTree = BUILT_PRODUCTS_DIR; };
		5FC8A11C29B0B3720051EEF9 /* AppDelegate.swift */ = {isa = PBXFileReference; lastKnownFileType = sourcecode.swift; path = AppDelegate.swift; sourceTree = "<group>"; };
		5FC8A11E29B0B3720051EEF9 /* SceneDelegate.swift */ = {isa = PBXFileReference; lastKnownFileType = sourcecode.swift; path = SceneDelegate.swift; sourceTree = "<group>"; };
		5FC8A12A29B0B3740051EEF9 /* Info.plist */ = {isa = PBXFileReference; lastKnownFileType = text.plist.xml; path = Info.plist; sourceTree = "<group>"; };
		5FC8A12F29B0B3740051EEF9 /* Teltech EmployeesTests.xctest */ = {isa = PBXFileReference; explicitFileType = wrapper.cfbundle; includeInIndex = 0; path = "Teltech EmployeesTests.xctest"; sourceTree = BUILT_PRODUCTS_DIR; };
		5FC8A13329B0B3740051EEF9 /* Teltech_EmployeesTests.swift */ = {isa = PBXFileReference; lastKnownFileType = sourcecode.swift; path = Teltech_EmployeesTests.swift; sourceTree = "<group>"; };
		5FC8A13929B0B3740051EEF9 /* Teltech EmployeesUITests.xctest */ = {isa = PBXFileReference; explicitFileType = wrapper.cfbundle; includeInIndex = 0; path = "Teltech EmployeesUITests.xctest"; sourceTree = BUILT_PRODUCTS_DIR; };
		5FC8A13D29B0B3740051EEF9 /* Teltech_EmployeesUITests.swift */ = {isa = PBXFileReference; lastKnownFileType = sourcecode.swift; path = Teltech_EmployeesUITests.swift; sourceTree = "<group>"; };
		5FC8A13F29B0B3740051EEF9 /* Teltech_EmployeesUITestsLaunchTests.swift */ = {isa = PBXFileReference; lastKnownFileType = sourcecode.swift; path = Teltech_EmployeesUITestsLaunchTests.swift; sourceTree = "<group>"; };
		5FC8A16229B0B5AA0051EEF9 /* Assets.xcassets */ = {isa = PBXFileReference; lastKnownFileType = folder.assetcatalog; path = Assets.xcassets; sourceTree = "<group>"; };
		5FC8A16329B0B5AA0051EEF9 /* Localizable.strings */ = {isa = PBXFileReference; fileEncoding = 4; lastKnownFileType = text.plist.strings; path = Localizable.strings; sourceTree = "<group>"; };
		5FC8A16629B0B5AA0051EEF9 /* AppCoordinator.swift */ = {isa = PBXFileReference; fileEncoding = 4; lastKnownFileType = sourcecode.swift; path = AppCoordinator.swift; sourceTree = "<group>"; };
		5FC8A16729B0B5AA0051EEF9 /* Coordinator.swift */ = {isa = PBXFileReference; fileEncoding = 4; lastKnownFileType = sourcecode.swift; path = Coordinator.swift; sourceTree = "<group>"; };
		5FC8A16B29B0B5AA0051EEF9 /* ParentCoordinatorDelegate.swift */ = {isa = PBXFileReference; fileEncoding = 4; lastKnownFileType = sourcecode.swift; path = ParentCoordinatorDelegate.swift; sourceTree = "<group>"; };
		5FC8A16C29B0B5AA0051EEF9 /* CoordinatorDelegate.swift */ = {isa = PBXFileReference; fileEncoding = 4; lastKnownFileType = sourcecode.swift; path = CoordinatorDelegate.swift; sourceTree = "<group>"; };
		5FC8A16F29B0B5AA0051EEF9 /* EmployeeListViewModel.swift */ = {isa = PBXFileReference; fileEncoding = 4; lastKnownFileType = sourcecode.swift; path = EmployeeListViewModel.swift; sourceTree = "<group>"; };
		5FC8A17129B0B5AA0051EEF9 /* EmployeeListViewController.swift */ = {isa = PBXFileReference; fileEncoding = 4; lastKnownFileType = sourcecode.swift; path = EmployeeListViewController.swift; sourceTree = "<group>"; };
		5FC8A17329B0B5AA0051EEF9 /* EmployeeListCoordinator.swift */ = {isa = PBXFileReference; fileEncoding = 4; lastKnownFileType = sourcecode.swift; path = EmployeeListCoordinator.swift; sourceTree = "<group>"; };
		5FC8A17629B0B5AA0051EEF9 /* Preview Assets.xcassets */ = {isa = PBXFileReference; lastKnownFileType = folder.assetcatalog; path = "Preview Assets.xcassets"; sourceTree = "<group>"; };
		5FC8A17929B0B5AA0051EEF9 /* UIView+Extension.swift */ = {isa = PBXFileReference; fileEncoding = 4; lastKnownFileType = sourcecode.swift; path = "UIView+Extension.swift"; sourceTree = "<group>"; };
		5FC8A17A29B0B5AA0051EEF9 /* Observable+Extension.swift */ = {isa = PBXFileReference; fileEncoding = 4; lastKnownFileType = sourcecode.swift; path = "Observable+Extension.swift"; sourceTree = "<group>"; };
		5FC8A17B29B0B5AA0051EEF9 /* UIViewController+Extension.swift */ = {isa = PBXFileReference; fileEncoding = 4; lastKnownFileType = sourcecode.swift; path = "UIViewController+Extension.swift"; sourceTree = "<group>"; };
		5FC8A17C29B0B5AA0051EEF9 /* UITableView+Extension.swift */ = {isa = PBXFileReference; fileEncoding = 4; lastKnownFileType = sourcecode.swift; path = "UITableView+Extension.swift"; sourceTree = "<group>"; };
		78EED5F0283EE0740F81573C /* Pods-Teltech Employees.release.xcconfig */ = {isa = PBXFileReference; includeInIndex = 1; lastKnownFileType = text.xcconfig; name = "Pods-Teltech Employees.release.xcconfig"; path = "Target Support Files/Pods-Teltech Employees/Pods-Teltech Employees.release.xcconfig"; sourceTree = "<group>"; };
		9BEE2AC017D3B9678ECB6C21 /* Pods_Teltech_EmployeesTests.framework */ = {isa = PBXFileReference; explicitFileType = wrapper.framework; includeInIndex = 0; path = Pods_Teltech_EmployeesTests.framework; sourceTree = BUILT_PRODUCTS_DIR; };
		ABD1E0C8D36D5CEF081E4217 /* Pods_Teltech_Employees_Teltech_EmployeesUITests.framework */ = {isa = PBXFileReference; explicitFileType = wrapper.framework; includeInIndex = 0; path = Pods_Teltech_Employees_Teltech_EmployeesUITests.framework; sourceTree = BUILT_PRODUCTS_DIR; };
		B7BEDB80C204714DB77BAAE2 /* Pods-Teltech Employees.debug.xcconfig */ = {isa = PBXFileReference; includeInIndex = 1; lastKnownFileType = text.xcconfig; name = "Pods-Teltech Employees.debug.xcconfig"; path = "Target Support Files/Pods-Teltech Employees/Pods-Teltech Employees.debug.xcconfig"; sourceTree = "<group>"; };
		E53A38FBF939503780325848 /* Pods-Teltech Employees-Teltech EmployeesUITests.release.xcconfig */ = {isa = PBXFileReference; includeInIndex = 1; lastKnownFileType = text.xcconfig; name = "Pods-Teltech Employees-Teltech EmployeesUITests.release.xcconfig"; path = "Target Support Files/Pods-Teltech Employees-Teltech EmployeesUITests/Pods-Teltech Employees-Teltech EmployeesUITests.release.xcconfig"; sourceTree = "<group>"; };
		E7421464B519F4E8B7C32259 /* Pods_Teltech_Employees.framework */ = {isa = PBXFileReference; explicitFileType = wrapper.framework; includeInIndex = 0; path = Pods_Teltech_Employees.framework; sourceTree = BUILT_PRODUCTS_DIR; };
		F80FE95604B8475CD19507B3 /* Pods-Teltech EmployeesTests.debug.xcconfig */ = {isa = PBXFileReference; includeInIndex = 1; lastKnownFileType = text.xcconfig; name = "Pods-Teltech EmployeesTests.debug.xcconfig"; path = "Target Support Files/Pods-Teltech EmployeesTests/Pods-Teltech EmployeesTests.debug.xcconfig"; sourceTree = "<group>"; };
/* End PBXFileReference section */

/* Begin PBXFrameworksBuildPhase section */
		5FC8A11629B0B3720051EEF9 /* Frameworks */ = {
			isa = PBXFrameworksBuildPhase;
			buildActionMask = 2147483647;
			files = (
				21F37D4E546090B08FE7574A /* Pods_Teltech_Employees.framework in Frameworks */,
			);
			runOnlyForDeploymentPostprocessing = 0;
		};
		5FC8A12C29B0B3740051EEF9 /* Frameworks */ = {
			isa = PBXFrameworksBuildPhase;
			buildActionMask = 2147483647;
			files = (
				BBFA54FB770684262E330F77 /* Pods_Teltech_EmployeesTests.framework in Frameworks */,
			);
			runOnlyForDeploymentPostprocessing = 0;
		};
		5FC8A13629B0B3740051EEF9 /* Frameworks */ = {
			isa = PBXFrameworksBuildPhase;
			buildActionMask = 2147483647;
			files = (
				7D72E317D0C38BB3A783C503 /* Pods_Teltech_Employees_Teltech_EmployeesUITests.framework in Frameworks */,
			);
			runOnlyForDeploymentPostprocessing = 0;
		};
/* End PBXFrameworksBuildPhase section */

/* Begin PBXGroup section */
		5FC8A11029B0B3720051EEF9 = {
			isa = PBXGroup;
			children = (
				5FC8A11B29B0B3720051EEF9 /* Teltech Employees */,
				5FC8A13229B0B3740051EEF9 /* Teltech EmployeesTests */,
				5FC8A13C29B0B3740051EEF9 /* Teltech EmployeesUITests */,
				5FC8A11A29B0B3720051EEF9 /* Products */,
				70673C46652B861A80719A86 /* Pods */,
				DCFC20990D79658030C99517 /* Frameworks */,
			);
			sourceTree = "<group>";
		};
		5FC8A11A29B0B3720051EEF9 /* Products */ = {
			isa = PBXGroup;
			children = (
				5FC8A11929B0B3720051EEF9 /* Teltech Employees.app */,
				5FC8A12F29B0B3740051EEF9 /* Teltech EmployeesTests.xctest */,
				5FC8A13929B0B3740051EEF9 /* Teltech EmployeesUITests.xctest */,
			);
			name = Products;
			sourceTree = "<group>";
		};
		5FC8A11B29B0B3720051EEF9 /* Teltech Employees */ = {
			isa = PBXGroup;
			children = (
				5FC8A16129B0B5AA0051EEF9 /* Assets */,
				5FC8A16529B0B5AA0051EEF9 /* Coordinator */,
				5FC8A16A29B0B5AA0051EEF9 /* Delegates */,
				5FC8A16D29B0B5AA0051EEF9 /* EmployeeList */,
				5FC8A17829B0B5AA0051EEF9 /* Extensions */,
				5FC8A17729B0B5AA0051EEF9 /* Models */,
				5FC8A16829B0B5AA0051EEF9 /* Networking */,
				5FC8A17529B0B5AA0051EEF9 /* Preview Content */,
				5FC8A16429B0B5AA0051EEF9 /* Repositories */,
				5FC8A16929B0B5AA0051EEF9 /* Utils */,
				5FC8A11C29B0B3720051EEF9 /* AppDelegate.swift */,
				5FC8A11E29B0B3720051EEF9 /* SceneDelegate.swift */,
				5FC8A12A29B0B3740051EEF9 /* Info.plist */,
			);
			path = "Teltech Employees";
			sourceTree = "<group>";
		};
		5FC8A13229B0B3740051EEF9 /* Teltech EmployeesTests */ = {
			isa = PBXGroup;
			children = (
				5FC8A13329B0B3740051EEF9 /* Teltech_EmployeesTests.swift */,
			);
			path = "Teltech EmployeesTests";
			sourceTree = "<group>";
		};
		5FC8A13C29B0B3740051EEF9 /* Teltech EmployeesUITests */ = {
			isa = PBXGroup;
			children = (
				5FC8A13D29B0B3740051EEF9 /* Teltech_EmployeesUITests.swift */,
				5FC8A13F29B0B3740051EEF9 /* Teltech_EmployeesUITestsLaunchTests.swift */,
			);
			path = "Teltech EmployeesUITests";
			sourceTree = "<group>";
		};
		5FC8A16129B0B5AA0051EEF9 /* Assets */ = {
			isa = PBXGroup;
			children = (
				5FC8A16229B0B5AA0051EEF9 /* Assets.xcassets */,
				5FC8A16329B0B5AA0051EEF9 /* Localizable.strings */,
			);
			path = Assets;
			sourceTree = "<group>";
		};
		5FC8A16429B0B5AA0051EEF9 /* Repositories */ = {
			isa = PBXGroup;
			children = (
			);
			path = Repositories;
			sourceTree = "<group>";
		};
		5FC8A16529B0B5AA0051EEF9 /* Coordinator */ = {
			isa = PBXGroup;
			children = (
				5FC8A16629B0B5AA0051EEF9 /* AppCoordinator.swift */,
				5FC8A16729B0B5AA0051EEF9 /* Coordinator.swift */,
			);
			path = Coordinator;
			sourceTree = "<group>";
		};
		5FC8A16829B0B5AA0051EEF9 /* Networking */ = {
			isa = PBXGroup;
			children = (
			);
			path = Networking;
			sourceTree = "<group>";
		};
		5FC8A16929B0B5AA0051EEF9 /* Utils */ = {
			isa = PBXGroup;
			children = (
			);
			path = Utils;
			sourceTree = "<group>";
		};
		5FC8A16A29B0B5AA0051EEF9 /* Delegates */ = {
			isa = PBXGroup;
			children = (
				5FC8A16B29B0B5AA0051EEF9 /* ParentCoordinatorDelegate.swift */,
				5FC8A16C29B0B5AA0051EEF9 /* CoordinatorDelegate.swift */,
			);
			path = Delegates;
			sourceTree = "<group>";
		};
		5FC8A16D29B0B5AA0051EEF9 /* EmployeeList */ = {
			isa = PBXGroup;
			children = (
				5FC8A16E29B0B5AA0051EEF9 /* ViewModel */,
				5FC8A17029B0B5AA0051EEF9 /* UI */,
				5FC8A17229B0B5AA0051EEF9 /* Coordinator */,
				5FC8A17429B0B5AA0051EEF9 /* Model */,
			);
			path = EmployeeList;
			sourceTree = "<group>";
		};
		5FC8A16E29B0B5AA0051EEF9 /* ViewModel */ = {
			isa = PBXGroup;
			children = (
				5FC8A16F29B0B5AA0051EEF9 /* EmployeeListViewModel.swift */,
			);
			path = ViewModel;
			sourceTree = "<group>";
		};
		5FC8A17029B0B5AA0051EEF9 /* UI */ = {
			isa = PBXGroup;
			children = (
				5FC8A17129B0B5AA0051EEF9 /* EmployeeListViewController.swift */,
			);
			path = UI;
			sourceTree = "<group>";
		};
		5FC8A17229B0B5AA0051EEF9 /* Coordinator */ = {
			isa = PBXGroup;
			children = (
				5FC8A17329B0B5AA0051EEF9 /* EmployeeListCoordinator.swift */,
			);
			path = Coordinator;
			sourceTree = "<group>";
		};
		5FC8A17429B0B5AA0051EEF9 /* Model */ = {
			isa = PBXGroup;
			children = (
			);
			path = Model;
			sourceTree = "<group>";
		};
		5FC8A17529B0B5AA0051EEF9 /* Preview Content */ = {
			isa = PBXGroup;
			children = (
				5FC8A17629B0B5AA0051EEF9 /* Preview Assets.xcassets */,
			);
			path = "Preview Content";
			sourceTree = "<group>";
		};
		5FC8A17729B0B5AA0051EEF9 /* Models */ = {
			isa = PBXGroup;
			children = (
			);
			path = Models;
			sourceTree = "<group>";
		};
		5FC8A17829B0B5AA0051EEF9 /* Extensions */ = {
			isa = PBXGroup;
			children = (
				5FC8A17929B0B5AA0051EEF9 /* UIView+Extension.swift */,
				5FC8A17A29B0B5AA0051EEF9 /* Observable+Extension.swift */,
				5FC8A17B29B0B5AA0051EEF9 /* UIViewController+Extension.swift */,
				5FC8A17C29B0B5AA0051EEF9 /* UITableView+Extension.swift */,
			);
			path = Extensions;
			sourceTree = "<group>";
		};
		70673C46652B861A80719A86 /* Pods */ = {
			isa = PBXGroup;
			children = (
				B7BEDB80C204714DB77BAAE2 /* Pods-Teltech Employees.debug.xcconfig */,
				78EED5F0283EE0740F81573C /* Pods-Teltech Employees.release.xcconfig */,
				48B08469B64B6B9F26D212AB /* Pods-Teltech Employees-Teltech EmployeesUITests.debug.xcconfig */,
				E53A38FBF939503780325848 /* Pods-Teltech Employees-Teltech EmployeesUITests.release.xcconfig */,
				F80FE95604B8475CD19507B3 /* Pods-Teltech EmployeesTests.debug.xcconfig */,
				2286C79489578C20D088FD96 /* Pods-Teltech EmployeesTests.release.xcconfig */,
			);
			path = Pods;
			sourceTree = "<group>";
		};
		DCFC20990D79658030C99517 /* Frameworks */ = {
			isa = PBXGroup;
			children = (
				E7421464B519F4E8B7C32259 /* Pods_Teltech_Employees.framework */,
				ABD1E0C8D36D5CEF081E4217 /* Pods_Teltech_Employees_Teltech_EmployeesUITests.framework */,
				9BEE2AC017D3B9678ECB6C21 /* Pods_Teltech_EmployeesTests.framework */,
			);
			name = Frameworks;
			sourceTree = "<group>";
		};
/* End PBXGroup section */

/* Begin PBXNativeTarget section */
		5FC8A11829B0B3720051EEF9 /* Teltech Employees */ = {
			isa = PBXNativeTarget;
			buildConfigurationList = 5FC8A14329B0B3740051EEF9 /* Build configuration list for PBXNativeTarget "Teltech Employees" */;
			buildPhases = (
				F09D40300911A640C196E206 /* [CP] Check Pods Manifest.lock */,
				5FC8A11529B0B3720051EEF9 /* Sources */,
				5FC8A11629B0B3720051EEF9 /* Frameworks */,
				5FC8A11729B0B3720051EEF9 /* Resources */,
				21863F7F76B053811D5D9FE9 /* [CP] Embed Pods Frameworks */,
				5FC8A16029B0B5290051EEF9 /* R-Swift */,
			);
			buildRules = (
			);
			dependencies = (
			);
			name = "Teltech Employees";
			productName = "Teltech Employees";
			productReference = 5FC8A11929B0B3720051EEF9 /* Teltech Employees.app */;
			productType = "com.apple.product-type.application";
		};
		5FC8A12E29B0B3740051EEF9 /* Teltech EmployeesTests */ = {
			isa = PBXNativeTarget;
			buildConfigurationList = 5FC8A14629B0B3740051EEF9 /* Build configuration list for PBXNativeTarget "Teltech EmployeesTests" */;
			buildPhases = (
				68D93B294CF70532239E7838 /* [CP] Check Pods Manifest.lock */,
				5FC8A12B29B0B3740051EEF9 /* Sources */,
				5FC8A12C29B0B3740051EEF9 /* Frameworks */,
				5FC8A12D29B0B3740051EEF9 /* Resources */,
			);
			buildRules = (
			);
			dependencies = (
				5FC8A13129B0B3740051EEF9 /* PBXTargetDependency */,
			);
			name = "Teltech EmployeesTests";
			productName = "Teltech EmployeesTests";
			productReference = 5FC8A12F29B0B3740051EEF9 /* Teltech EmployeesTests.xctest */;
			productType = "com.apple.product-type.bundle.unit-test";
		};
		5FC8A13829B0B3740051EEF9 /* Teltech EmployeesUITests */ = {
			isa = PBXNativeTarget;
			buildConfigurationList = 5FC8A14929B0B3740051EEF9 /* Build configuration list for PBXNativeTarget "Teltech EmployeesUITests" */;
			buildPhases = (
				13FE08B225F1F95D86771692 /* [CP] Check Pods Manifest.lock */,
				5FC8A13529B0B3740051EEF9 /* Sources */,
				5FC8A13629B0B3740051EEF9 /* Frameworks */,
				5FC8A13729B0B3740051EEF9 /* Resources */,
				57EB21A1F0DD7E8A0FD73005 /* [CP] Embed Pods Frameworks */,
			);
			buildRules = (
			);
			dependencies = (
				5FC8A13B29B0B3740051EEF9 /* PBXTargetDependency */,
			);
			name = "Teltech EmployeesUITests";
			productName = "Teltech EmployeesUITests";
			productReference = 5FC8A13929B0B3740051EEF9 /* Teltech EmployeesUITests.xctest */;
			productType = "com.apple.product-type.bundle.ui-testing";
		};
/* End PBXNativeTarget section */

/* Begin PBXProject section */
		5FC8A11129B0B3720051EEF9 /* Project object */ = {
			isa = PBXProject;
			attributes = {
				BuildIndependentTargetsInParallel = 1;
				LastSwiftUpdateCheck = 1420;
				LastUpgradeCheck = 1420;
				TargetAttributes = {
					5FC8A11829B0B3720051EEF9 = {
						CreatedOnToolsVersion = 14.2;
					};
					5FC8A12E29B0B3740051EEF9 = {
						CreatedOnToolsVersion = 14.2;
						TestTargetID = 5FC8A11829B0B3720051EEF9;
					};
					5FC8A13829B0B3740051EEF9 = {
						CreatedOnToolsVersion = 14.2;
						TestTargetID = 5FC8A11829B0B3720051EEF9;
					};
				};
			};
			buildConfigurationList = 5FC8A11429B0B3720051EEF9 /* Build configuration list for PBXProject "Teltech Employees" */;
			compatibilityVersion = "Xcode 14.0";
			developmentRegion = en;
			hasScannedForEncodings = 0;
			knownRegions = (
				en,
				Base,
			);
			mainGroup = 5FC8A11029B0B3720051EEF9;
			productRefGroup = 5FC8A11A29B0B3720051EEF9 /* Products */;
			projectDirPath = "";
			projectRoot = "";
			targets = (
				5FC8A11829B0B3720051EEF9 /* Teltech Employees */,
				5FC8A12E29B0B3740051EEF9 /* Teltech EmployeesTests */,
				5FC8A13829B0B3740051EEF9 /* Teltech EmployeesUITests */,
			);
		};
/* End PBXProject section */

/* Begin PBXResourcesBuildPhase section */
		5FC8A11729B0B3720051EEF9 /* Resources */ = {
			isa = PBXResourcesBuildPhase;
			buildActionMask = 2147483647;
			files = (
				5FC8A17D29B0B5AB0051EEF9 /* Assets.xcassets in Resources */,
				5FC8A18629B0B5AB0051EEF9 /* Preview Assets.xcassets in Resources */,
				5FC8A17E29B0B5AB0051EEF9 /* Localizable.strings in Resources */,
			);
			runOnlyForDeploymentPostprocessing = 0;
		};
		5FC8A12D29B0B3740051EEF9 /* Resources */ = {
			isa = PBXResourcesBuildPhase;
			buildActionMask = 2147483647;
			files = (
			);
			runOnlyForDeploymentPostprocessing = 0;
		};
		5FC8A13729B0B3740051EEF9 /* Resources */ = {
			isa = PBXResourcesBuildPhase;
			buildActionMask = 2147483647;
			files = (
			);
			runOnlyForDeploymentPostprocessing = 0;
		};
/* End PBXResourcesBuildPhase section */

/* Begin PBXShellScriptBuildPhase section */
		13FE08B225F1F95D86771692 /* [CP] Check Pods Manifest.lock */ = {
			isa = PBXShellScriptBuildPhase;
			buildActionMask = 2147483647;
			files = (
			);
			inputFileListPaths = (
			);
			inputPaths = (
				"${PODS_PODFILE_DIR_PATH}/Podfile.lock",
				"${PODS_ROOT}/Manifest.lock",
			);
			name = "[CP] Check Pods Manifest.lock";
			outputFileListPaths = (
			);
			outputPaths = (
				"$(DERIVED_FILE_DIR)/Pods-Teltech Employees-Teltech EmployeesUITests-checkManifestLockResult.txt",
			);
			runOnlyForDeploymentPostprocessing = 0;
			shellPath = /bin/sh;
			shellScript = "diff \"${PODS_PODFILE_DIR_PATH}/Podfile.lock\" \"${PODS_ROOT}/Manifest.lock\" > /dev/null\nif [ $? != 0 ] ; then\n    # print error to STDERR\n    echo \"error: The sandbox is not in sync with the Podfile.lock. Run 'pod install' or update your CocoaPods installation.\" >&2\n    exit 1\nfi\n# This output is used by Xcode 'outputs' to avoid re-running this script phase.\necho \"SUCCESS\" > \"${SCRIPT_OUTPUT_FILE_0}\"\n";
			showEnvVarsInLog = 0;
		};
		21863F7F76B053811D5D9FE9 /* [CP] Embed Pods Frameworks */ = {
			isa = PBXShellScriptBuildPhase;
			buildActionMask = 2147483647;
			files = (
			);
			inputFileListPaths = (
				"${PODS_ROOT}/Target Support Files/Pods-Teltech Employees/Pods-Teltech Employees-frameworks-${CONFIGURATION}-input-files.xcfilelist",
			);
			name = "[CP] Embed Pods Frameworks";
			outputFileListPaths = (
				"${PODS_ROOT}/Target Support Files/Pods-Teltech Employees/Pods-Teltech Employees-frameworks-${CONFIGURATION}-output-files.xcfilelist",
			);
			runOnlyForDeploymentPostprocessing = 0;
			shellPath = /bin/sh;
			shellScript = "\"${PODS_ROOT}/Target Support Files/Pods-Teltech Employees/Pods-Teltech Employees-frameworks.sh\"\n";
			showEnvVarsInLog = 0;
		};
		57EB21A1F0DD7E8A0FD73005 /* [CP] Embed Pods Frameworks */ = {
			isa = PBXShellScriptBuildPhase;
			buildActionMask = 2147483647;
			files = (
			);
			inputFileListPaths = (
				"${PODS_ROOT}/Target Support Files/Pods-Teltech Employees-Teltech EmployeesUITests/Pods-Teltech Employees-Teltech EmployeesUITests-frameworks-${CONFIGURATION}-input-files.xcfilelist",
			);
			name = "[CP] Embed Pods Frameworks";
			outputFileListPaths = (
				"${PODS_ROOT}/Target Support Files/Pods-Teltech Employees-Teltech EmployeesUITests/Pods-Teltech Employees-Teltech EmployeesUITests-frameworks-${CONFIGURATION}-output-files.xcfilelist",
			);
			runOnlyForDeploymentPostprocessing = 0;
			shellPath = /bin/sh;
			shellScript = "\"${PODS_ROOT}/Target Support Files/Pods-Teltech Employees-Teltech EmployeesUITests/Pods-Teltech Employees-Teltech EmployeesUITests-frameworks.sh\"\n";
			showEnvVarsInLog = 0;
		};
		5FC8A16029B0B5290051EEF9 /* R-Swift */ = {
			isa = PBXShellScriptBuildPhase;
			buildActionMask = 2147483647;
			files = (
			);
			inputFileListPaths = (
			);
			inputPaths = (
			);
			name = "R-Swift";
			outputFileListPaths = (
			);
			outputPaths = (
				$SRCROOT/R.generated.swift,
			);
			runOnlyForDeploymentPostprocessing = 0;
			shellPath = /bin/sh;
			shellScript = "\"$PODS_ROOT/R.swift/rswift\" generate \"$SRCROOT/R.generated.swift\"\n";
		};
		68D93B294CF70532239E7838 /* [CP] Check Pods Manifest.lock */ = {
			isa = PBXShellScriptBuildPhase;
			buildActionMask = 2147483647;
			files = (
			);
			inputFileListPaths = (
			);
			inputPaths = (
				"${PODS_PODFILE_DIR_PATH}/Podfile.lock",
				"${PODS_ROOT}/Manifest.lock",
			);
			name = "[CP] Check Pods Manifest.lock";
			outputFileListPaths = (
			);
			outputPaths = (
				"$(DERIVED_FILE_DIR)/Pods-Teltech EmployeesTests-checkManifestLockResult.txt",
			);
			runOnlyForDeploymentPostprocessing = 0;
			shellPath = /bin/sh;
			shellScript = "diff \"${PODS_PODFILE_DIR_PATH}/Podfile.lock\" \"${PODS_ROOT}/Manifest.lock\" > /dev/null\nif [ $? != 0 ] ; then\n    # print error to STDERR\n    echo \"error: The sandbox is not in sync with the Podfile.lock. Run 'pod install' or update your CocoaPods installation.\" >&2\n    exit 1\nfi\n# This output is used by Xcode 'outputs' to avoid re-running this script phase.\necho \"SUCCESS\" > \"${SCRIPT_OUTPUT_FILE_0}\"\n";
			showEnvVarsInLog = 0;
		};
		F09D40300911A640C196E206 /* [CP] Check Pods Manifest.lock */ = {
			isa = PBXShellScriptBuildPhase;
			buildActionMask = 2147483647;
			files = (
			);
			inputFileListPaths = (
			);
			inputPaths = (
				"${PODS_PODFILE_DIR_PATH}/Podfile.lock",
				"${PODS_ROOT}/Manifest.lock",
			);
			name = "[CP] Check Pods Manifest.lock";
			outputFileListPaths = (
			);
			outputPaths = (
				"$(DERIVED_FILE_DIR)/Pods-Teltech Employees-checkManifestLockResult.txt",
			);
			runOnlyForDeploymentPostprocessing = 0;
			shellPath = /bin/sh;
			shellScript = "diff \"${PODS_PODFILE_DIR_PATH}/Podfile.lock\" \"${PODS_ROOT}/Manifest.lock\" > /dev/null\nif [ $? != 0 ] ; then\n    # print error to STDERR\n    echo \"error: The sandbox is not in sync with the Podfile.lock. Run 'pod install' or update your CocoaPods installation.\" >&2\n    exit 1\nfi\n# This output is used by Xcode 'outputs' to avoid re-running this script phase.\necho \"SUCCESS\" > \"${SCRIPT_OUTPUT_FILE_0}\"\n";
			showEnvVarsInLog = 0;
		};
/* End PBXShellScriptBuildPhase section */

/* Begin PBXSourcesBuildPhase section */
		5FC8A11529B0B3720051EEF9 /* Sources */ = {
			isa = PBXSourcesBuildPhase;
			buildActionMask = 2147483647;
			files = (
				5FC8A18929B0B5AB0051EEF9 /* UIViewController+Extension.swift in Sources */,
				5FC8A18029B0B5AB0051EEF9 /* Coordinator.swift in Sources */,
				5FC8A17F29B0B5AB0051EEF9 /* AppCoordinator.swift in Sources */,
				5FC8A11D29B0B3720051EEF9 /* AppDelegate.swift in Sources */,
				5FC8A11F29B0B3720051EEF9 /* SceneDelegate.swift in Sources */,
				5FC8A18429B0B5AB0051EEF9 /* EmployeeListViewController.swift in Sources */,
				5FC8A18129B0B5AB0051EEF9 /* ParentCoordinatorDelegate.swift in Sources */,
				5FC8A18829B0B5AB0051EEF9 /* Observable+Extension.swift in Sources */,
				5FC8A18329B0B5AB0051EEF9 /* EmployeeListViewModel.swift in Sources */,
				5FC8A18229B0B5AB0051EEF9 /* CoordinatorDelegate.swift in Sources */,
				5FC8A18729B0B5AB0051EEF9 /* UIView+Extension.swift in Sources */,
				5FC8A18529B0B5AB0051EEF9 /* EmployeeListCoordinator.swift in Sources */,
				5FC8A18A29B0B5AB0051EEF9 /* UITableView+Extension.swift in Sources */,
			);
			runOnlyForDeploymentPostprocessing = 0;
		};
		5FC8A12B29B0B3740051EEF9 /* Sources */ = {
			isa = PBXSourcesBuildPhase;
			buildActionMask = 2147483647;
			files = (
				5FC8A13429B0B3740051EEF9 /* Teltech_EmployeesTests.swift in Sources */,
			);
			runOnlyForDeploymentPostprocessing = 0;
		};
		5FC8A13529B0B3740051EEF9 /* Sources */ = {
			isa = PBXSourcesBuildPhase;
			buildActionMask = 2147483647;
			files = (
				5FC8A14029B0B3740051EEF9 /* Teltech_EmployeesUITestsLaunchTests.swift in Sources */,
				5FC8A13E29B0B3740051EEF9 /* Teltech_EmployeesUITests.swift in Sources */,
			);
			runOnlyForDeploymentPostprocessing = 0;
		};
/* End PBXSourcesBuildPhase section */

/* Begin PBXTargetDependency section */
		5FC8A13129B0B3740051EEF9 /* PBXTargetDependency */ = {
			isa = PBXTargetDependency;
			target = 5FC8A11829B0B3720051EEF9 /* Teltech Employees */;
			targetProxy = 5FC8A13029B0B3740051EEF9 /* PBXContainerItemProxy */;
		};
		5FC8A13B29B0B3740051EEF9 /* PBXTargetDependency */ = {
			isa = PBXTargetDependency;
			target = 5FC8A11829B0B3720051EEF9 /* Teltech Employees */;
			targetProxy = 5FC8A13A29B0B3740051EEF9 /* PBXContainerItemProxy */;
		};
/* End PBXTargetDependency section */

/* Begin XCBuildConfiguration section */
		5FC8A14129B0B3740051EEF9 /* Debug */ = {
			isa = XCBuildConfiguration;
			buildSettings = {
				ALWAYS_SEARCH_USER_PATHS = NO;
				CLANG_ANALYZER_NONNULL = YES;
				CLANG_ANALYZER_NUMBER_OBJECT_CONVERSION = YES_AGGRESSIVE;
				CLANG_CXX_LANGUAGE_STANDARD = "gnu++20";
				CLANG_ENABLE_MODULES = YES;
				CLANG_ENABLE_OBJC_ARC = YES;
				CLANG_ENABLE_OBJC_WEAK = YES;
				CLANG_WARN_BLOCK_CAPTURE_AUTORELEASING = YES;
				CLANG_WARN_BOOL_CONVERSION = YES;
				CLANG_WARN_COMMA = YES;
				CLANG_WARN_CONSTANT_CONVERSION = YES;
				CLANG_WARN_DEPRECATED_OBJC_IMPLEMENTATIONS = YES;
				CLANG_WARN_DIRECT_OBJC_ISA_USAGE = YES_ERROR;
				CLANG_WARN_DOCUMENTATION_COMMENTS = YES;
				CLANG_WARN_EMPTY_BODY = YES;
				CLANG_WARN_ENUM_CONVERSION = YES;
				CLANG_WARN_INFINITE_RECURSION = YES;
				CLANG_WARN_INT_CONVERSION = YES;
				CLANG_WARN_NON_LITERAL_NULL_CONVERSION = YES;
				CLANG_WARN_OBJC_IMPLICIT_RETAIN_SELF = YES;
				CLANG_WARN_OBJC_LITERAL_CONVERSION = YES;
				CLANG_WARN_OBJC_ROOT_CLASS = YES_ERROR;
				CLANG_WARN_QUOTED_INCLUDE_IN_FRAMEWORK_HEADER = YES;
				CLANG_WARN_RANGE_LOOP_ANALYSIS = YES;
				CLANG_WARN_STRICT_PROTOTYPES = YES;
				CLANG_WARN_SUSPICIOUS_MOVE = YES;
				CLANG_WARN_UNGUARDED_AVAILABILITY = YES_AGGRESSIVE;
				CLANG_WARN_UNREACHABLE_CODE = YES;
				CLANG_WARN__DUPLICATE_METHOD_MATCH = YES;
				COPY_PHASE_STRIP = NO;
				DEBUG_INFORMATION_FORMAT = dwarf;
				ENABLE_STRICT_OBJC_MSGSEND = YES;
				ENABLE_TESTABILITY = YES;
				GCC_C_LANGUAGE_STANDARD = gnu11;
				GCC_DYNAMIC_NO_PIC = NO;
				GCC_NO_COMMON_BLOCKS = YES;
				GCC_OPTIMIZATION_LEVEL = 0;
				GCC_PREPROCESSOR_DEFINITIONS = (
					"DEBUG=1",
					"$(inherited)",
				);
				GCC_WARN_64_TO_32_BIT_CONVERSION = YES;
				GCC_WARN_ABOUT_RETURN_TYPE = YES_ERROR;
				GCC_WARN_UNDECLARED_SELECTOR = YES;
				GCC_WARN_UNINITIALIZED_AUTOS = YES_AGGRESSIVE;
				GCC_WARN_UNUSED_FUNCTION = YES;
				GCC_WARN_UNUSED_VARIABLE = YES;
				IPHONEOS_DEPLOYMENT_TARGET = 13.0;
				MTL_ENABLE_DEBUG_INFO = INCLUDE_SOURCE;
				MTL_FAST_MATH = YES;
				ONLY_ACTIVE_ARCH = YES;
				SDKROOT = iphoneos;
				SWIFT_ACTIVE_COMPILATION_CONDITIONS = DEBUG;
				SWIFT_OPTIMIZATION_LEVEL = "-Onone";
			};
			name = Debug;
		};
		5FC8A14229B0B3740051EEF9 /* Release */ = {
			isa = XCBuildConfiguration;
			buildSettings = {
				ALWAYS_SEARCH_USER_PATHS = NO;
				CLANG_ANALYZER_NONNULL = YES;
				CLANG_ANALYZER_NUMBER_OBJECT_CONVERSION = YES_AGGRESSIVE;
				CLANG_CXX_LANGUAGE_STANDARD = "gnu++20";
				CLANG_ENABLE_MODULES = YES;
				CLANG_ENABLE_OBJC_ARC = YES;
				CLANG_ENABLE_OBJC_WEAK = YES;
				CLANG_WARN_BLOCK_CAPTURE_AUTORELEASING = YES;
				CLANG_WARN_BOOL_CONVERSION = YES;
				CLANG_WARN_COMMA = YES;
				CLANG_WARN_CONSTANT_CONVERSION = YES;
				CLANG_WARN_DEPRECATED_OBJC_IMPLEMENTATIONS = YES;
				CLANG_WARN_DIRECT_OBJC_ISA_USAGE = YES_ERROR;
				CLANG_WARN_DOCUMENTATION_COMMENTS = YES;
				CLANG_WARN_EMPTY_BODY = YES;
				CLANG_WARN_ENUM_CONVERSION = YES;
				CLANG_WARN_INFINITE_RECURSION = YES;
				CLANG_WARN_INT_CONVERSION = YES;
				CLANG_WARN_NON_LITERAL_NULL_CONVERSION = YES;
				CLANG_WARN_OBJC_IMPLICIT_RETAIN_SELF = YES;
				CLANG_WARN_OBJC_LITERAL_CONVERSION = YES;
				CLANG_WARN_OBJC_ROOT_CLASS = YES_ERROR;
				CLANG_WARN_QUOTED_INCLUDE_IN_FRAMEWORK_HEADER = YES;
				CLANG_WARN_RANGE_LOOP_ANALYSIS = YES;
				CLANG_WARN_STRICT_PROTOTYPES = YES;
				CLANG_WARN_SUSPICIOUS_MOVE = YES;
				CLANG_WARN_UNGUARDED_AVAILABILITY = YES_AGGRESSIVE;
				CLANG_WARN_UNREACHABLE_CODE = YES;
				CLANG_WARN__DUPLICATE_METHOD_MATCH = YES;
				COPY_PHASE_STRIP = NO;
				DEBUG_INFORMATION_FORMAT = "dwarf-with-dsym";
				ENABLE_NS_ASSERTIONS = NO;
				ENABLE_STRICT_OBJC_MSGSEND = YES;
				GCC_C_LANGUAGE_STANDARD = gnu11;
				GCC_NO_COMMON_BLOCKS = YES;
				GCC_WARN_64_TO_32_BIT_CONVERSION = YES;
				GCC_WARN_ABOUT_RETURN_TYPE = YES_ERROR;
				GCC_WARN_UNDECLARED_SELECTOR = YES;
				GCC_WARN_UNINITIALIZED_AUTOS = YES_AGGRESSIVE;
				GCC_WARN_UNUSED_FUNCTION = YES;
				GCC_WARN_UNUSED_VARIABLE = YES;
				IPHONEOS_DEPLOYMENT_TARGET = 13.0;
				MTL_ENABLE_DEBUG_INFO = NO;
				MTL_FAST_MATH = YES;
				SDKROOT = iphoneos;
				SWIFT_COMPILATION_MODE = wholemodule;
				SWIFT_OPTIMIZATION_LEVEL = "-O";
				VALIDATE_PRODUCT = YES;
			};
			name = Release;
		};
		5FC8A14429B0B3740051EEF9 /* Debug */ = {
			isa = XCBuildConfiguration;
			baseConfigurationReference = B7BEDB80C204714DB77BAAE2 /* Pods-Teltech Employees.debug.xcconfig */;
			buildSettings = {
				ASSETCATALOG_COMPILER_APPICON_NAME = AppIcon;
				ASSETCATALOG_COMPILER_GLOBAL_ACCENT_COLOR_NAME = AccentColor;
				CODE_SIGN_STYLE = Automatic;
				CURRENT_PROJECT_VERSION = 1;
				GENERATE_INFOPLIST_FILE = YES;
				INFOPLIST_FILE = "Teltech Employees/Info.plist";
				INFOPLIST_KEY_UIApplicationSupportsIndirectInputEvents = YES;
				INFOPLIST_KEY_UILaunchStoryboardName = LaunchScreen;
				INFOPLIST_KEY_UISupportedInterfaceOrientations = UIInterfaceOrientationPortrait;
				LD_RUNPATH_SEARCH_PATHS = (
					"$(inherited)",
					"@executable_path/Frameworks",
				);
				MARKETING_VERSION = 1.0;
				PRODUCT_BUNDLE_IDENTIFIER = "com.josipmarkovic.Teltech-Employees";
				PRODUCT_NAME = "$(TARGET_NAME)";
				SUPPORTED_PLATFORMS = "iphoneos iphonesimulator";
				SUPPORTS_MACCATALYST = NO;
				SUPPORTS_MAC_DESIGNED_FOR_IPHONE_IPAD = NO;
				SWIFT_EMIT_LOC_STRINGS = YES;
				SWIFT_VERSION = 5.0;
				TARGETED_DEVICE_FAMILY = "1,2";
			};
			name = Debug;
		};
		5FC8A14529B0B3740051EEF9 /* Release */ = {
			isa = XCBuildConfiguration;
			baseConfigurationReference = 78EED5F0283EE0740F81573C /* Pods-Teltech Employees.release.xcconfig */;
			buildSettings = {
				ASSETCATALOG_COMPILER_APPICON_NAME = AppIcon;
				ASSETCATALOG_COMPILER_GLOBAL_ACCENT_COLOR_NAME = AccentColor;
				CODE_SIGN_STYLE = Automatic;
				CURRENT_PROJECT_VERSION = 1;
				GENERATE_INFOPLIST_FILE = YES;
				INFOPLIST_FILE = "Teltech Employees/Info.plist";
				INFOPLIST_KEY_UIApplicationSupportsIndirectInputEvents = YES;
				INFOPLIST_KEY_UILaunchStoryboardName = LaunchScreen;
				INFOPLIST_KEY_UISupportedInterfaceOrientations = UIInterfaceOrientationPortrait;
				LD_RUNPATH_SEARCH_PATHS = (
					"$(inherited)",
					"@executable_path/Frameworks",
				);
				MARKETING_VERSION = 1.0;
				PRODUCT_BUNDLE_IDENTIFIER = "com.josipmarkovic.Teltech-Employees";
				PRODUCT_NAME = "$(TARGET_NAME)";
				SUPPORTED_PLATFORMS = "iphoneos iphonesimulator";
				SUPPORTS_MACCATALYST = NO;
				SUPPORTS_MAC_DESIGNED_FOR_IPHONE_IPAD = NO;
				SWIFT_EMIT_LOC_STRINGS = YES;
				SWIFT_VERSION = 5.0;
				TARGETED_DEVICE_FAMILY = "1,2";
			};
			name = Release;
		};
		5FC8A14729B0B3740051EEF9 /* Debug */ = {
			isa = XCBuildConfiguration;
			baseConfigurationReference = F80FE95604B8475CD19507B3 /* Pods-Teltech EmployeesTests.debug.xcconfig */;
			buildSettings = {
				ALWAYS_EMBED_SWIFT_STANDARD_LIBRARIES = YES;
				BUNDLE_LOADER = "$(TEST_HOST)";
				CODE_SIGN_STYLE = Automatic;
				CURRENT_PROJECT_VERSION = 1;
				GENERATE_INFOPLIST_FILE = YES;
				IPHONEOS_DEPLOYMENT_TARGET = 13.0;
				MARKETING_VERSION = 1.0;
				PRODUCT_BUNDLE_IDENTIFIER = "com.josipmarkovic.Teltech-EmployeesTests";
				PRODUCT_NAME = "$(TARGET_NAME)";
				SUPPORTED_PLATFORMS = "iphoneos iphonesimulator";
				SUPPORTS_MACCATALYST = NO;
				SUPPORTS_MAC_DESIGNED_FOR_IPHONE_IPAD = NO;
				SWIFT_EMIT_LOC_STRINGS = NO;
				SWIFT_VERSION = 5.0;
				TARGETED_DEVICE_FAMILY = "1,2";
				TEST_HOST = "$(BUILT_PRODUCTS_DIR)/Teltech Employees.app/$(BUNDLE_EXECUTABLE_FOLDER_PATH)/Teltech Employees";
			};
			name = Debug;
		};
		5FC8A14829B0B3740051EEF9 /* Release */ = {
			isa = XCBuildConfiguration;
			baseConfigurationReference = 2286C79489578C20D088FD96 /* Pods-Teltech EmployeesTests.release.xcconfig */;
			buildSettings = {
				ALWAYS_EMBED_SWIFT_STANDARD_LIBRARIES = YES;
				BUNDLE_LOADER = "$(TEST_HOST)";
				CODE_SIGN_STYLE = Automatic;
				CURRENT_PROJECT_VERSION = 1;
				GENERATE_INFOPLIST_FILE = YES;
				IPHONEOS_DEPLOYMENT_TARGET = 13.0;
				MARKETING_VERSION = 1.0;
				PRODUCT_BUNDLE_IDENTIFIER = "com.josipmarkovic.Teltech-EmployeesTests";
				PRODUCT_NAME = "$(TARGET_NAME)";
				SUPPORTED_PLATFORMS = "iphoneos iphonesimulator";
				SUPPORTS_MACCATALYST = NO;
				SUPPORTS_MAC_DESIGNED_FOR_IPHONE_IPAD = NO;
				SWIFT_EMIT_LOC_STRINGS = NO;
				SWIFT_VERSION = 5.0;
				TARGETED_DEVICE_FAMILY = "1,2";
				TEST_HOST = "$(BUILT_PRODUCTS_DIR)/Teltech Employees.app/$(BUNDLE_EXECUTABLE_FOLDER_PATH)/Teltech Employees";
			};
			name = Release;
		};
		5FC8A14A29B0B3740051EEF9 /* Debug */ = {
			isa = XCBuildConfiguration;
			baseConfigurationReference = 48B08469B64B6B9F26D212AB /* Pods-Teltech Employees-Teltech EmployeesUITests.debug.xcconfig */;
			buildSettings = {
				ALWAYS_EMBED_SWIFT_STANDARD_LIBRARIES = YES;
				CODE_SIGN_STYLE = Automatic;
				CURRENT_PROJECT_VERSION = 1;
				GENERATE_INFOPLIST_FILE = YES;
				MARKETING_VERSION = 1.0;
				PRODUCT_BUNDLE_IDENTIFIER = "com.josipmarkovic.Teltech-EmployeesUITests";
				PRODUCT_NAME = "$(TARGET_NAME)";
				SUPPORTED_PLATFORMS = "iphoneos iphonesimulator";
				SUPPORTS_MACCATALYST = NO;
				SUPPORTS_MAC_DESIGNED_FOR_IPHONE_IPAD = NO;
				SWIFT_EMIT_LOC_STRINGS = NO;
				SWIFT_VERSION = 5.0;
				TARGETED_DEVICE_FAMILY = "1,2";
				TEST_TARGET_NAME = "Teltech Employees";
			};
			name = Debug;
		};
		5FC8A14B29B0B3740051EEF9 /* Release */ = {
			isa = XCBuildConfiguration;
			baseConfigurationReference = E53A38FBF939503780325848 /* Pods-Teltech Employees-Teltech EmployeesUITests.release.xcconfig */;
			buildSettings = {
				ALWAYS_EMBED_SWIFT_STANDARD_LIBRARIES = YES;
				CODE_SIGN_STYLE = Automatic;
				CURRENT_PROJECT_VERSION = 1;
				GENERATE_INFOPLIST_FILE = YES;
				MARKETING_VERSION = 1.0;
				PRODUCT_BUNDLE_IDENTIFIER = "com.josipmarkovic.Teltech-EmployeesUITests";
				PRODUCT_NAME = "$(TARGET_NAME)";
				SUPPORTED_PLATFORMS = "iphoneos iphonesimulator";
				SUPPORTS_MACCATALYST = NO;
				SUPPORTS_MAC_DESIGNED_FOR_IPHONE_IPAD = NO;
				SWIFT_EMIT_LOC_STRINGS = NO;
				SWIFT_VERSION = 5.0;
				TARGETED_DEVICE_FAMILY = "1,2";
				TEST_TARGET_NAME = "Teltech Employees";
			};
			name = Release;
		};
/* End XCBuildConfiguration section */

/* Begin XCConfigurationList section */
		5FC8A11429B0B3720051EEF9 /* Build configuration list for PBXProject "Teltech Employees" */ = {
			isa = XCConfigurationList;
			buildConfigurations = (
				5FC8A14129B0B3740051EEF9 /* Debug */,
				5FC8A14229B0B3740051EEF9 /* Release */,
			);
			defaultConfigurationIsVisible = 0;
			defaultConfigurationName = Release;
		};
		5FC8A14329B0B3740051EEF9 /* Build configuration list for PBXNativeTarget "Teltech Employees" */ = {
			isa = XCConfigurationList;
			buildConfigurations = (
				5FC8A14429B0B3740051EEF9 /* Debug */,
				5FC8A14529B0B3740051EEF9 /* Release */,
			);
			defaultConfigurationIsVisible = 0;
			defaultConfigurationName = Release;
		};
		5FC8A14629B0B3740051EEF9 /* Build configuration list for PBXNativeTarget "Teltech EmployeesTests" */ = {
			isa = XCConfigurationList;
			buildConfigurations = (
				5FC8A14729B0B3740051EEF9 /* Debug */,
				5FC8A14829B0B3740051EEF9 /* Release */,
			);
			defaultConfigurationIsVisible = 0;
			defaultConfigurationName = Release;
		};
		5FC8A14929B0B3740051EEF9 /* Build configuration list for PBXNativeTarget "Teltech EmployeesUITests" */ = {
			isa = XCConfigurationList;
			buildConfigurations = (
				5FC8A14A29B0B3740051EEF9 /* Debug */,
				5FC8A14B29B0B3740051EEF9 /* Release */,
			);
			defaultConfigurationIsVisible = 0;
			defaultConfigurationName = Release;
		};
/* End XCConfigurationList section */
	};
	rootObject = 5FC8A11129B0B3720051EEF9 /* Project object */;
}
